
Microsoft Visual Studio Solution File, Format Version 11.00
# Visual Studio 2010
Project("{FAE04EC0-301F-11D3-BF4B-00C04F79EFBC}") = "SocSupp", "SocSupp\SocSupp.csproj", "{7597C5B9-2F4F-4BDD-A134-9BA9D3F45568}"
EndProject
Project("{FAE04EC0-301F-11D3-BF4B-00C04F79EFBC}") = "SSOptions", "SSOptions\SSOptions.csproj", "{7597C5B9-2F4F-4BDD-A134-9BA9D3F45569}"
EndProject
Global
	GlobalSection(SolutionConfigurationPlatforms) = preSolution
		Debug|Any CPU = Debug|Any CPU
		Release|Any CPU = Release|Any CPU
	EndGlobalSection
	GlobalSection(ProjectConfigurationPlatforms) = postSolution
		{7597C5B9-2F4F-4BDD-A134-9BA9D3F45568}.Debug|Any CPU.ActiveCfg = Debug|Any CPU
		{7597C5B9-2F4F-4BDD-A134-9BA9D3F45568}.Debug|Any CPU.Build.0 = Debug|Any CPU
		{7597C5B9-2F4F-4BDD-A134-9BA9D3F45568}.Release|Any CPU.ActiveCfg = Release|Any CPU
		{7597C5B9-2F4F-4BDD-A134-9BA9D3F45568}.Release|Any CPU.Build.0 = Release|Any CPU
		{7597C5B9-2F4F-4BDD-A134-9BA9D3F45569}.Debug|Any CPU.ActiveCfg = Debug|Any CPU
		{7597C5B9-2F4F-4BDD-A134-9BA9D3F45569}.Debug|Any CPU.Build.0 = Debug|Any CPU
		{7597C5B9-2F4F-4BDD-A134-9BA9D3F45569}.Release|Any CPU.ActiveCfg = Release|Any CPU
		{7597C5B9-2F4F-4BDD-A134-9BA9D3F45569}.Release|Any CPU.Build.0 = Release|Any CPU
	EndGlobalSection
	GlobalSection(SolutionProperties) = preSolution
		HideSolutionNode = FALSE
	EndGlobalSection
EndGlobal
